
Microsoft Visual Studio Solution File, Format Version 12.00
# Visual Studio Version 17
VisualStudioVersion = 17.5.33516.290
MinimumVisualStudioVersion = 10.0.40219.1
Project("{8BC9CEB8-8B4A-11D0-8D11-00A0C91BC942}") = "Paradigmaoop", "Paradigmaoop\Paradigmaoop.vcxproj", "{7E5177B4-6FEF-476B-BDA7-2ADD465CCF5F}"
EndProject
Project("{8BC9CEB8-8B4A-11D0-8D11-00A0C91BC942}") = "Asosiasi", "Asosiasi\Asosiasi.vcxproj", "{A62EF66D-3A70-4B21-A8C3-279EA3CB5CA0}"
EndProject
Project("{8BC9CEB8-8B4A-11D0-8D11-00A0C91BC942}") = "mainIA", "mainIA\mainIA.vcxproj", "{04C36C7B-4339-47DD-9A1B-0E5B07EB7220}"
EndProject
Project("{8BC9CEB8-8B4A-11D0-8D11-00A0C91BC942}") = "mainJM", "mainJM\mainJM.vcxproj", "{D037661A-945B-43F4-B87A-88026DB48527}"
EndProject
Project("{8BC9CEB8-8B4A-11D0-8D11-00A0C91BC942}") = "memberinitlist", "memberinitlist\memberinitlist.vcxproj", "{9DDCCADB-9BF8-4C23-9FA0-439D53F064E0}"
EndProject
Global
	GlobalSection(SolutionConfigurationPlatforms) = preSolution
		Debug|x64 = Debug|x64
		Debug|x86 = Debug|x86
		Release|x64 = Release|x64
		Release|x86 = Release|x86
	EndGlobalSection
	GlobalSection(ProjectConfigurationPlatforms) = postSolution
		{7E5177B4-6FEF-476B-BDA7-2ADD465CCF5F}.Debug|x64.ActiveCfg = Debug|x64
		{7E5177B4-6FEF-476B-BDA7-2ADD465CCF5F}.Debug|x64.Build.0 = Debug|x64
		{7E5177B4-6FEF-476B-BDA7-2ADD465CCF5F}.Debug|x86.ActiveCfg = Debug|Win32
		{7E5177B4-6FEF-476B-BDA7-2ADD465CCF5F}.Debug|x86.Build.0 = Debug|Win32
		{7E5177B4-6FEF-476B-BDA7-2ADD465CCF5F}.Release|x64.ActiveCfg = Release|x64
		{7E5177B4-6FEF-476B-BDA7-2ADD465CCF5F}.Release|x64.Build.0 = Release|x64
		{7E5177B4-6FEF-476B-BDA7-2ADD465CCF5F}.Release|x86.ActiveCfg = Release|Win32
		{7E5177B4-6FEF-476B-BDA7-2ADD465CCF5F}.Release|x86.Build.0 = Release|Win32
		{A62EF66D-3A70-4B21-A8C3-279EA3CB5CA0}.Debug|x64.ActiveCfg = Debug|x64
		{A62EF66D-3A70-4B21-A8C3-279EA3CB5CA0}.Debug|x64.Build.0 = Debug|x64
		{A62EF66D-3A70-4B21-A8C3-279EA3CB5CA0}.Debug|x86.ActiveCfg = Debug|Win32
		{A62EF66D-3A70-4B21-A8C3-279EA3CB5CA0}.Debug|x86.Build.0 = Debug|Win32
		{A62EF66D-3A70-4B21-A8C3-279EA3CB5CA0}.Release|x64.ActiveCfg = Release|x64
		{A62EF66D-3A70-4B21-A8C3-279EA3CB5CA0}.Release|x64.Build.0 = Release|x64
		{A62EF66D-3A70-4B21-A8C3-279EA3CB5CA0}.Release|x86.ActiveCfg = Release|Win32
		{A62EF66D-3A70-4B21-A8C3-279EA3CB5CA0}.Release|x86.Build.0 = Release|Win32
		{04C36C7B-4339-47DD-9A1B-0E5B07EB7220}.Debug|x64.ActiveCfg = Debug|x64
		{04C36C7B-4339-47DD-9A1B-0E5B07EB7220}.Debug|x64.Build.0 = Debug|x64
		{04C36C7B-4339-47DD-9A1B-0E5B07EB7220}.Debug|x86.ActiveCfg = Debug|Win32
		{04C36C7B-4339-47DD-9A1B-0E5B07EB7220}.Debug|x86.Build.0 = Debug|Win32
		{04C36C7B-4339-47DD-9A1B-0E5B07EB7220}.Release|x64.ActiveCfg = Release|x64
		{04C36C7B-4339-47DD-9A1B-0E5B07EB7220}.Release|x64.Build.0 = Release|x64
		{04C36C7B-4339-47DD-9A1B-0E5B07EB7220}.Release|x86.ActiveCfg = Release|Win32
		{04C36C7B-4339-47DD-9A1B-0E5B07EB7220}.Release|x86.Build.0 = Release|Win32
		{D037661A-945B-43F4-B87A-88026DB48527}.Debug|x64.ActiveCfg = Debug|x64
		{D037661A-945B-43F4-B87A-88026DB48527}.Debug|x64.Build.0 = Debug|x64
		{D037661A-945B-43F4-B87A-88026DB48527}.Debug|x86.ActiveCfg = Debug|Win32
		{D037661A-945B-43F4-B87A-88026DB48527}.Debug|x86.Build.0 = Debug|Win32
		{D037661A-945B-43F4-B87A-88026DB48527}.Release|x64.ActiveCfg = Release|x64
		{D037661A-945B-43F4-B87A-88026DB48527}.Release|x64.Build.0 = Release|x64
		{D037661A-945B-43F4-B87A-88026DB48527}.Release|x86.ActiveCfg = Release|Win32
		{D037661A-945B-43F4-B87A-88026DB48527}.Release|x86.Build.0 = Release|Win32
		{9DDCCADB-9BF8-4C23-9FA0-439D53F064E0}.Debug|x64.ActiveCfg = Debug|x64
		{9DDCCADB-9BF8-4C23-9FA0-439D53F064E0}.Debug|x64.Build.0 = Debug|x64
		{9DDCCADB-9BF8-4C23-9FA0-439D53F064E0}.Debug|x86.ActiveCfg = Debug|Win32
		{9DDCCADB-9BF8-4C23-9FA0-439D53F064E0}.Debug|x86.Build.0 = Debug|Win32
		{9DDCCADB-9BF8-4C23-9FA0-439D53F064E0}.Release|x64.ActiveCfg = Release|x64
		{9DDCCADB-9BF8-4C23-9FA0-439D53F064E0}.Release|x64.Build.0 = Release|x64
		{9DDCCADB-9BF8-4C23-9FA0-439D53F064E0}.Release|x86.ActiveCfg = Release|Win32
		{9DDCCADB-9BF8-4C23-9FA0-439D53F064E0}.Release|x86.Build.0 = Release|Win32
	EndGlobalSection
	GlobalSection(SolutionProperties) = preSolution
		HideSolutionNode = FALSE
	EndGlobalSection
	GlobalSection(ExtensibilityGlobals) = postSolution
		SolutionGuid = {82C2E301-2EAC-4B48-8EBB-E72B3150A2F8}
	EndGlobalSection
EndGlobal
